{
  "nodes": {
    "blobs": {
      "flake": false,
      "locked": {
        "lastModified": 1604995301,
        "narHash": "sha256-wcLzgLec6SGJA8fx1OEN1yV/Py5b+U5iyYpksUY/yLw=",
        "owner": "simple-nixos-mailserver",
        "repo": "blobs",
        "rev": "2cccdf1ca48316f2cfd1c9a0017e8de5a7156265",
        "type": "gitlab"
      },
      "original": {
        "owner": "simple-nixos-mailserver",
        "repo": "blobs",
        "type": "gitlab"
      }
    },
    "colmena": {
      "inputs": {
        "flake-compat": "flake-compat",
        "flake-utils": "flake-utils",
        "nix-github-actions": "nix-github-actions",
        "nixpkgs": [
          "nixpkgs"
        ],
        "stable": "stable"
      },
      "locked": {
        "lastModified": 1755272288,
        "narHash": "sha256-ypTPb2eKcOBbOoyvPV0j4ZOXs4kayo73/2KI456QnE0=",
        "owner": "zhaofengli",
        "repo": "colmena",
        "rev": "5bf4ce6a24adba74a5184f4a9bef01d545a09473",
        "type": "github"
      },
      "original": {
        "owner": "zhaofengli",
        "ref": "main",
        "repo": "colmena",
        "type": "github"
      }
    },
    "crane": {
      "locked": {
        "lastModified": 1754269165,
        "narHash": "sha256-0tcS8FHd4QjbCVoxN9jI+PjHgA4vc/IjkUSp+N3zy0U=",
        "owner": "ipetkov",
        "repo": "crane",
        "rev": "444e81206df3f7d92780680e45858e31d2f07a08",
        "type": "github"
      },
      "original": {
        "owner": "ipetkov",
        "repo": "crane",
        "type": "github"
      }
    },
    "darwin": {
      "inputs": {
        "nixpkgs": [
          "nixpkgs"
        ]
      },
      "locked": {
        "lastModified": 1761339987,
        "narHash": "sha256-IUaawVwItZKi64IA6kF6wQCLCzpXbk2R46dHn8sHkig=",
        "owner": "lnl7",
        "repo": "nix-darwin",
        "rev": "7cd9aac79ee2924a85c211d21fafd394b06a38de",
        "type": "github"
      },
      "original": {
        "owner": "lnl7",
        "repo": "nix-darwin",
        "type": "github"
      }
    },
    "disko": {
      "inputs": {
        "nixpkgs": [
          "nixpkgs"
        ]
      },
      "locked": {
        "lastModified": 1760701190,
        "narHash": "sha256-y7UhnWlER8r776JsySqsbTUh2Txf7K30smfHlqdaIQw=",
        "owner": "nix-community",
        "repo": "disko",
        "rev": "3a9450b26e69dcb6f8de6e2b07b3fc1c288d85f5",
        "type": "github"
      },
      "original": {
        "owner": "nix-community",
        "repo": "disko",
        "type": "github"
      }
    },
    "dns": {
      "inputs": {
        "flake-utils": "flake-utils_2",
        "nixpkgs": [
          "nixpkgs"
        ]
      },
      "locked": {
        "lastModified": 1759510210,
        "narHash": "sha256-rR3BuhcSyQ3bQ0rS14I53O7gWzlPEs15skl1TWx+TeI=",
        "owner": "kirelagin",
        "repo": "dns.nix",
        "rev": "f3cb11f642d4fa6224e2b1ddfd2c3ba42e9ffea2",
        "type": "github"
      },
      "original": {
        "owner": "kirelagin",
        "repo": "dns.nix",
        "type": "github"
      }
    },
    "flake-compat": {
      "flake": false,
      "locked": {
        "lastModified": 1650374568,
        "narHash": "sha256-Z+s0J8/r907g149rllvwhb4pKi8Wam5ij0st8PwAh+E=",
        "owner": "edolstra",
        "repo": "flake-compat",
        "rev": "b4a34015c698c7793d592d66adbab377907a2be8",
        "type": "github"
      },
      "original": {
        "owner": "edolstra",
        "repo": "flake-compat",
        "type": "github"
      }
    },
    "flake-compat_2": {
      "flake": false,
      "locked": {
        "lastModified": 1747046372,
        "narHash": "sha256-CIVLLkVgvHYbgI2UpXvIIBJ12HWgX+fjA8Xf8PUmqCY=",
        "owner": "edolstra",
        "repo": "flake-compat",
        "rev": "9100a0f413b0c601e0533d1d94ffd501ce2e7885",
        "type": "github"
      },
      "original": {
        "owner": "edolstra",
        "repo": "flake-compat",
        "type": "github"
      }
    },
    "flake-compat_3": {
      "flake": false,
      "locked": {
        "lastModified": 1747046372,
        "narHash": "sha256-CIVLLkVgvHYbgI2UpXvIIBJ12HWgX+fjA8Xf8PUmqCY=",
        "owner": "edolstra",
        "repo": "flake-compat",
        "rev": "9100a0f413b0c601e0533d1d94ffd501ce2e7885",
        "type": "github"
      },
      "original": {
        "owner": "edolstra",
        "repo": "flake-compat",
        "type": "github"
      }
    },
    "flake-parts": {
      "inputs": {
        "nixpkgs-lib": "nixpkgs-lib"
      },
      "locked": {
        "lastModified": 1760948891,
        "narHash": "sha256-TmWcdiUUaWk8J4lpjzu4gCGxWY6/Ok7mOK4fIFfBuU4=",
        "owner": "hercules-ci",
        "repo": "flake-parts",
        "rev": "864599284fc7c0ba6357ed89ed5e2cd5040f0c04",
        "type": "github"
      },
      "original": {
        "owner": "hercules-ci",
        "repo": "flake-parts",
        "type": "github"
      }
    },
    "flake-parts_2": {
      "inputs": {
        "nixpkgs-lib": [
          "lanzaboote",
          "nixpkgs"
        ]
      },
      "locked": {
        "lastModified": 1754091436,
        "narHash": "sha256-XKqDMN1/Qj1DKivQvscI4vmHfDfvYR2pfuFOJiCeewM=",
        "owner": "hercules-ci",
        "repo": "flake-parts",
        "rev": "67df8c627c2c39c41dbec76a1f201929929ab0bd",
        "type": "github"
      },
      "original": {
        "owner": "hercules-ci",
        "repo": "flake-parts",
        "type": "github"
      }
    },
    "flake-parts_3": {
      "inputs": {
        "nixpkgs-lib": [
          "nur",
          "nixpkgs"
        ]
      },
      "locked": {
        "lastModified": 1733312601,
        "narHash": "sha256-4pDvzqnegAfRkPwO3wmwBhVi/Sye1mzps0zHWYnP88c=",
        "owner": "hercules-ci",
        "repo": "flake-parts",
        "rev": "205b12d8b7cd4802fbcb8e8ef6a0f1408781a4f9",
        "type": "github"
      },
      "original": {
        "owner": "hercules-ci",
        "repo": "flake-parts",
        "type": "github"
      }
    },
    "flake-utils": {
      "locked": {
        "lastModified": 1659877975,
        "narHash": "sha256-zllb8aq3YO3h8B/U0/J1WBgAL8EX5yWf5pMj3G0NAmc=",
        "owner": "numtide",
        "repo": "flake-utils",
        "rev": "c0e246b9b83f637f4681389ecabcb2681b4f3af0",
        "type": "github"
      },
      "original": {
        "owner": "numtide",
        "repo": "flake-utils",
        "type": "github"
      }
    },
    "flake-utils_2": {
      "locked": {
        "lastModified": 1614513358,
        "narHash": "sha256-LakhOx3S1dRjnh0b5Dg3mbZyH0ToC9I8Y2wKSkBaTzU=",
        "owner": "numtide",
        "repo": "flake-utils",
        "rev": "5466c5bbece17adaab2d82fae80b46e807611bf3",
        "type": "github"
      },
      "original": {
        "owner": "numtide",
        "repo": "flake-utils",
        "type": "github"
      }
    },
    "flake-utils_3": {
      "inputs": {
        "systems": "systems"
      },
      "locked": {
        "lastModified": 1731533236,
        "narHash": "sha256-l0KFg5HjrsfsO/JpG+r7fRrqm12kzFHyUHqHCVpMMbI=",
        "owner": "numtide",
        "repo": "flake-utils",
        "rev": "11707dc2f618dd54ca8739b309ec4fc024de578b",
        "type": "github"
      },
      "original": {
        "owner": "numtide",
        "repo": "flake-utils",
        "type": "github"
      }
    },
    "flake-utils_4": {
      "inputs": {
        "systems": "systems_2"
      },
      "locked": {
        "lastModified": 1731533236,
        "narHash": "sha256-l0KFg5HjrsfsO/JpG+r7fRrqm12kzFHyUHqHCVpMMbI=",
        "owner": "numtide",
        "repo": "flake-utils",
        "rev": "11707dc2f618dd54ca8739b309ec4fc024de578b",
        "type": "github"
      },
      "original": {
        "owner": "numtide",
        "repo": "flake-utils",
        "type": "github"
      }
    },
    "flakey-profile": {
      "locked": {
        "lastModified": 1712898590,
        "narHash": "sha256-FhGIEU93VHAChKEXx905TSiPZKga69bWl1VB37FK//I=",
        "owner": "lf-",
        "repo": "flakey-profile",
        "rev": "243c903fd8eadc0f63d205665a92d4df91d42d9d",
        "type": "github"
      },
      "original": {
        "owner": "lf-",
        "repo": "flakey-profile",
        "type": "github"
      }
    },
    "git-hooks": {
      "inputs": {
        "flake-compat": [
          "mailserver",
          "flake-compat"
        ],
        "gitignore": "gitignore_2",
        "nixpkgs": [
          "mailserver",
          "nixpkgs"
        ]
      },
      "locked": {
        "lastModified": 1758108966,
        "narHash": "sha256-ytw7ROXaWZ7OfwHrQ9xvjpUWeGVm86pwnEd1QhzawIo=",
        "owner": "cachix",
        "repo": "git-hooks.nix",
        "rev": "54df955a695a84cd47d4a43e08e1feaf90b1fd9b",
        "type": "github"
      },
      "original": {
        "owner": "cachix",
        "repo": "git-hooks.nix",
        "type": "github"
      }
    },
    "gitignore": {
      "inputs": {
        "nixpkgs": [
          "lanzaboote",
          "pre-commit-hooks-nix",
          "nixpkgs"
        ]
      },
      "locked": {
        "lastModified": 1709087332,
        "narHash": "sha256-HG2cCnktfHsKV0s4XW83gU3F57gaTljL9KNSuG6bnQs=",
        "owner": "hercules-ci",
        "repo": "gitignore.nix",
        "rev": "637db329424fd7e46cf4185293b9cc8c88c95394",
        "type": "github"
      },
      "original": {
        "owner": "hercules-ci",
        "repo": "gitignore.nix",
        "type": "github"
      }
    },
    "gitignore_2": {
      "inputs": {
        "nixpkgs": [
          "mailserver",
          "git-hooks",
          "nixpkgs"
        ]
      },
      "locked": {
        "lastModified": 1709087332,
        "narHash": "sha256-HG2cCnktfHsKV0s4XW83gU3F57gaTljL9KNSuG6bnQs=",
        "owner": "hercules-ci",
        "repo": "gitignore.nix",
        "rev": "637db329424fd7e46cf4185293b9cc8c88c95394",
        "type": "github"
      },
      "original": {
        "owner": "hercules-ci",
        "repo": "gitignore.nix",
        "type": "github"
      }
    },
    "home-manager": {
      "inputs": {
        "nixpkgs": [
          "nixpkgs"
        ]
      },
      "locked": {
        "lastModified": 1761770832,
        "narHash": "sha256-IQIWG6kHxnUpx5KEb9r0BROL3/R6UQ/30aO2oHncBA8=",
        "owner": "nix-community",
        "repo": "home-manager",
        "rev": "124b99dbd1594dbebdd575ac7142752ee96a98a0",
        "type": "github"
      },
      "original": {
        "owner": "nix-community",
        "ref": "master",
        "repo": "home-manager",
        "type": "github"
      }
    },
    "lanzaboote": {
      "inputs": {
        "crane": "crane",
        "flake-compat": "flake-compat_2",
        "flake-parts": "flake-parts_2",
        "nixpkgs": "nixpkgs",
        "pre-commit-hooks-nix": "pre-commit-hooks-nix",
        "rust-overlay": "rust-overlay"
      },
      "locked": {
        "lastModified": 1756744479,
        "narHash": "sha256-EyZXusK/wRD3V9vDh00W2Re3Eg8UQ+LjVBQrrH9dq1U=",
        "owner": "nix-community",
        "repo": "lanzaboote",
        "rev": "747b7912f49e2885090c83364d88cf853a020ac1",
        "type": "github"
      },
      "original": {
        "owner": "nix-community",
        "ref": "master",
        "repo": "lanzaboote",
        "type": "github"
      }
    },
    "leona-is-website": {
      "inputs": {
        "flake-utils": "flake-utils_3",
        "nixpkgs": [
          "nixpkgs"
        ]
      },
      "locked": {
        "host": "forkspace.net",
        "lastModified": 1748866504,
        "narHash": "sha256-ecPxgCfJz0DWlVhrVAuNvgboB6fO93Ee7uExO5SWIF8=",
        "owner": "leona",
        "repo": "leona.is",
        "rev": "dabcbf3d97833e366a00e67301da8ea40aa777af",
        "type": "gitlab"
      },
      "original": {
        "host": "forkspace.net",
        "owner": "leona",
        "repo": "leona.is",
        "type": "gitlab"
      }
    },
    "lix": {
      "flake": false,
      "locked": {
        "lastModified": 1761779061,
        "narHash": "sha256-qc6aWlPJwtLr1PWv+WbvWe59rgAGjQ6A/L1npM7S3Hs=",
        "type": "tarball",
        "url": "https://git.lix.systems/lix-project/lix/archive/main.tar.gz"
      },
      "original": {
        "type": "tarball",
        "url": "https://git.lix.systems/lix-project/lix/archive/main.tar.gz"
      }
    },
    "lix-module": {
      "inputs": {
        "flake-utils": "flake-utils_4",
        "flakey-profile": "flakey-profile",
        "lix": [
          "lix"
        ],
        "nixpkgs": [
          "nixpkgs"
        ]
      },
      "locked": {
        "lastModified": 1759851320,
        "narHash": "sha256-n5dRAIC3/78drQtFxmQRrBLd6TKfotUnX7GWu0mAcSg=",
        "rev": "7c31a18259b8358ac196cf803a26967c0fa1d3e4",
        "type": "tarball",
        "url": "https://git.lix.systems/api/v1/repos/lix-project/nixos-module/archive/7c31a18259b8358ac196cf803a26967c0fa1d3e4.tar.gz?rev=7c31a18259b8358ac196cf803a26967c0fa1d3e4"
      },
      "original": {
        "type": "tarball",
        "url": "https://git.lix.systems/lix-project/nixos-module/archive/main.tar.gz"
      }
    },
    "mailserver": {
      "inputs": {
        "blobs": "blobs",
        "flake-compat": "flake-compat_3",
        "git-hooks": "git-hooks",
        "nixpkgs": [
          "nixpkgs"
        ],
        "nixpkgs-25_05": "nixpkgs-25_05"
      },
      "locked": {
        "lastModified": 1759489698,
        "narHash": "sha256-2lT2i5ha23I2vrolEaBaAS/63ChgZPh181Awt6q1bDY=",
        "owner": "simple-nixos-mailserver",
        "repo": "nixos-mailserver",
        "rev": "6005d88bed7a5418f9772b4058a73cd0fd1e69a1",
        "type": "gitlab"
      },
      "original": {
        "owner": "simple-nixos-mailserver",
        "repo": "nixos-mailserver",
        "type": "gitlab"
      }
    },
    "nix-github-actions": {
      "inputs": {
        "nixpkgs": [
          "colmena",
          "nixpkgs"
        ]
      },
      "locked": {
        "lastModified": 1729742964,
        "narHash": "sha256-B4mzTcQ0FZHdpeWcpDYPERtyjJd/NIuaQ9+BV1h+MpA=",
        "owner": "nix-community",
        "repo": "nix-github-actions",
        "rev": "e04df33f62cdcf93d73e9a04142464753a16db67",
        "type": "github"
      },
      "original": {
        "owner": "nix-community",
        "repo": "nix-github-actions",
        "type": "github"
      }
    },
    "nixos-hardware": {
      "locked": {
        "lastModified": 1761759700,
        "narHash": "sha256-zuiwvKAPwtMmwf44tb7Q7Y5d7JkBeuaF89PISUnkWA8=",
        "owner": "NixOS",
        "repo": "nixos-hardware",
        "rev": "2379bc40992ec29feb1933bb4acd224fa055f3f8",
        "type": "github"
      },
      "original": {
        "owner": "NixOS",
        "ref": "master",
        "repo": "nixos-hardware",
        "type": "github"
      }
    },
    "nixpkgs": {
      "locked": {
        "lastModified": 1754243818,
        "narHash": "sha256-sEPw2W01UPf0xNGnMGNZIaE1XHkk7O+lLLetYEXVZHk=",
        "owner": "NixOS",
        "repo": "nixpkgs",
        "rev": "c460617dfb709a67d18bb31e15e455390ee4ee1c",
        "type": "github"
      },
      "original": {
        "owner": "NixOS",
        "ref": "nixos-unstable-small",
        "repo": "nixpkgs",
        "type": "github"
      }
    },
    "nixpkgs-25_05": {
      "locked": {
        "lastModified": 1759143472,
        "narHash": "sha256-TvODmeR2W7yX/JmOCmP+lAFNkTT7hAxYcF3Kz8SZV3w=",
        "owner": "NixOS",
        "repo": "nixpkgs",
        "rev": "5ed4e25ab58fd4c028b59d5611e14ea64de51d23",
        "type": "github"
      },
      "original": {
        "owner": "NixOS",
        "ref": "nixos-25.05",
        "repo": "nixpkgs",
        "type": "github"
      }
    },
    "nixpkgs-lib": {
      "locked": {
        "lastModified": 1754788789,
        "narHash": "sha256-x2rJ+Ovzq0sCMpgfgGaaqgBSwY+LST+WbZ6TytnT9Rk=",
        "owner": "nix-community",
        "repo": "nixpkgs.lib",
        "rev": "a73b9c743612e4244d865a2fdee11865283c04e6",
        "type": "github"
      },
      "original": {
        "owner": "nix-community",
        "repo": "nixpkgs.lib",
        "type": "github"
      }
    },
    "nixpkgs-unstable": {
      "locked": {
        "lastModified": 1761785401,
        "narHash": "sha256-PKG8NzUgzoac3iAe12zo2EjcXJTAPWE+2dh0+t35J4M=",
        "rev": "08dacfca559e1d7da38f3cf05f1f45ee9bfd213c",
        "type": "tarball",
        "url": "https://releases.nixos.org/nixos/unstable/nixos-25.11pre886100.08dacfca559e/nixexprs.tar.xz?rev=08dacfca559e1d7da38f3cf05f1f45ee9bfd213c"
      },
      "original": {
        "type": "tarball",
        "url": "https://channels.nixos.org/nixos-unstable/nixexprs.tar.xz"
      }
    },
    "nixpkgs_2": {
      "locked": {
        "lastModified": 1761819260,
        "narHash": "sha256-PODarmlScdCzF8Ou+QqXzUirutFVDIiwOCh5NvfMQgw=",
        "rev": "8d42228a0de7c23b012e2f7dd963425a372e1b0e",
        "type": "tarball",
        "url": "https://releases.nixos.org/nixos/unstable-small/nixos-25.11pre887061.8d42228a0de7/nixexprs.tar.xz?rev=8d42228a0de7c23b012e2f7dd963425a372e1b0e"
      },
      "original": {
        "type": "tarball",
        "url": "https://channels.nixos.org/nixos-unstable-small/nixexprs.tar.xz"
      }
    },
    "nixpkgs_3": {
      "locked": {
        "lastModified": 1761672384,
        "narHash": "sha256-o9KF3DJL7g7iYMZq9SWgfS1BFlNbsm6xplRjVlOCkXI=",
        "owner": "nixos",
        "repo": "nixpkgs",
        "rev": "08dacfca559e1d7da38f3cf05f1f45ee9bfd213c",
        "type": "github"
      },
      "original": {
        "owner": "nixos",
        "ref": "nixos-unstable",
        "repo": "nixpkgs",
        "type": "github"
      }
    },
    "nur": {
      "inputs": {
        "flake-parts": "flake-parts_3",
        "nixpkgs": "nixpkgs_3"
      },
      "locked": {
        "lastModified": 1761823003,
        "narHash": "sha256-qFfB7eS6VDV8Q0wxnlBKZTRClS/+d/+JYv3PZ6/PtWQ=",
        "owner": "nix-community",
        "repo": "NUR",
        "rev": "4feaaf6adc15f9d300c213bb941eff6e8ff1e92d",
        "type": "github"
      },
      "original": {
        "owner": "nix-community",
        "repo": "NUR",
        "type": "github"
      }
    },
    "pre-commit-hooks-nix": {
      "inputs": {
        "flake-compat": [
          "lanzaboote",
          "flake-compat"
        ],
        "gitignore": "gitignore",
        "nixpkgs": [
          "lanzaboote",
          "nixpkgs"
        ]
      },
      "locked": {
        "lastModified": 1750779888,
        "narHash": "sha256-wibppH3g/E2lxU43ZQHC5yA/7kIKLGxVEnsnVK1BtRg=",
        "owner": "cachix",
        "repo": "pre-commit-hooks.nix",
        "rev": "16ec914f6fb6f599ce988427d9d94efddf25fe6d",
        "type": "github"
      },
      "original": {
        "owner": "cachix",
        "repo": "pre-commit-hooks.nix",
        "type": "github"
      }
    },
    "root": {
      "inputs": {
        "colmena": "colmena",
        "darwin": "darwin",
        "disko": "disko",
        "dns": "dns",
        "flake-parts": "flake-parts",
        "home-manager": "home-manager",
        "lanzaboote": "lanzaboote",
        "leona-is-website": "leona-is-website",
        "lix": "lix",
        "lix-module": "lix-module",
        "mailserver": "mailserver",
        "nixos-hardware": "nixos-hardware",
        "nixpkgs": "nixpkgs_2",
        "nixpkgs-unstable": "nixpkgs-unstable",
        "nur": "nur",
        "sops-nix": "sops-nix"
      }
    },
    "rust-overlay": {
      "inputs": {
        "nixpkgs": [
          "lanzaboote",
          "nixpkgs"
        ]
      },
      "locked": {
        "lastModified": 1754189623,
        "narHash": "sha256-fstu5eb30UYwsxow0aQqkzxNxGn80UZjyehQVNVHuBk=",
        "owner": "oxalica",
        "repo": "rust-overlay",
        "rev": "c582ff7f0d8a7ea689ae836dfb1773f1814f472a",
        "type": "github"
      },
      "original": {
        "owner": "oxalica",
        "repo": "rust-overlay",
        "type": "github"
      }
    },
    "sops-nix": {
      "inputs": {
        "nixpkgs": [
          "nixpkgs"
        ]
      },
      "locked": {
        "lastModified": 1760998189,
        "narHash": "sha256-ee2e1/AeGL5X8oy/HXsZQvZnae6XfEVdstGopKucYLY=",
        "owner": "Mic92",
        "repo": "sops-nix",
        "rev": "5a7d18b5c55642df5c432aadb757140edfeb70b3",
        "type": "github"
      },
      "original": {
        "owner": "Mic92",
        "repo": "sops-nix",
        "type": "github"
      }
    },
    "stable": {
      "locked": {
        "lastModified": 1750133334,
        "narHash": "sha256-urV51uWH7fVnhIvsZIELIYalMYsyr2FCalvlRTzqWRw=",
        "owner": "NixOS",
        "repo": "nixpkgs",
        "rev": "36ab78dab7da2e4e27911007033713bab534187b",
        "type": "github"
      },
      "original": {
        "owner": "NixOS",
        "ref": "nixos-25.05",
        "repo": "nixpkgs",
        "type": "github"
      }
    },
    "systems": {
      "locked": {
        "lastModified": 1681028828,
        "narHash": "sha256-Vy1rq5AaRuLzOxct8nz4T6wlgyUR7zLU309k9mBC768=",
        "owner": "nix-systems",
        "repo": "default",
        "rev": "da67096a3b9bf56a91d16901293e51ba5b49a27e",
        "type": "github"
      },
      "original": {
        "owner": "nix-systems",
        "repo": "default",
        "type": "github"
      }
    },
    "systems_2": {
      "locked": {
        "lastModified": 1681028828,
        "narHash": "sha256-Vy1rq5AaRuLzOxct8nz4T6wlgyUR7zLU309k9mBC768=",
        "owner": "nix-systems",
        "repo": "default",
        "rev": "da67096a3b9bf56a91d16901293e51ba5b49a27e",
        "type": "github"
      },
      "original": {
        "owner": "nix-systems",
        "repo": "default",
        "type": "github"
      }
    }
  },
  "root": "root",
  "version": 7
}
